// !$*UTF8*$!
{
	archiveVersion = 1;
	classes = {
	};
	objectVersion = 56;
	objects = {

/* Begin PBXBuildFile section */
		1EEDA874D9AFC27AB2EA80EF /* Pods_PeerReview04DistanceCalculation.framework in Frameworks */ = {isa = PBXBuildFile; fileRef = 775EE423AE86143593D846B9 /* Pods_PeerReview04DistanceCalculation.framework */; };
		B78496242C5573D20002B1AB /* AppDelegate.m in Sources */ = {isa = PBXBuildFile; fileRef = B78496232C5573D20002B1AB /* AppDelegate.m */; };
		B78496272C5573D20002B1AB /* SceneDelegate.m in Sources */ = {isa = PBXBuildFile; fileRef = B78496262C5573D20002B1AB /* SceneDelegate.m */; };
		B784962A2C5573D20002B1AB /* ViewController.m in Sources */ = {isa = PBXBuildFile; fileRef = B78496292C5573D20002B1AB /* ViewController.m */; };
		B784962D2C5573D20002B1AB /* Base in Resources */ = {isa = PBXBuildFile; fileRef = B784962C2C5573D20002B1AB /* Base */; };
		B784962F2C5573D50002B1AB /* Assets.xcassets in Resources */ = {isa = PBXBuildFile; fileRef = B784962E2C5573D50002B1AB /* Assets.xcassets */; };
		B78496322C5573D50002B1AB /* Base in Resources */ = {isa = PBXBuildFile; fileRef = B78496312C5573D50002B1AB /* Base */; };
		B78496352C5573D50002B1AB /* main.m in Sources */ = {isa = PBXBuildFile; fileRef = B78496342C5573D50002B1AB /* main.m */; };
/* End PBXBuildFile section */

/* Begin PBXFileReference section */
		676C8B78B73597D03F4CB9A1 /* Pods-PeerReview04DistanceCalculation.debug.xcconfig */ = {isa = PBXFileReference; includeInIndex = 1; lastKnownFileType = text.xcconfig; name = "Pods-PeerReview04DistanceCalculation.debug.xcconfig"; path = "Target Support Files/Pods-PeerReview04DistanceCalculation/Pods-PeerReview04DistanceCalculation.debug.xcconfig"; sourceTree = "<group>"; };
		775EE423AE86143593D846B9 /* Pods_PeerReview04DistanceCalculation.framework */ = {isa = PBXFileReference; explicitFileType = wrapper.framework; includeInIndex = 0; path = Pods_PeerReview04DistanceCalculation.framework; sourceTree = BUILT_PRODUCTS_DIR; };
		B784961F2C5573D20002B1AB /* PeerReview04DistanceCalculation.app */ = {isa = PBXFileReference; explicitFileType = wrapper.application; includeInIndex = 0; path = PeerReview04DistanceCalculation.app; sourceTree = BUILT_PRODUCTS_DIR; };
		B78496222C5573D20002B1AB /* AppDelegate.h */ = {isa = PBXFileReference; lastKnownFileType = sourcecode.c.h; path = AppDelegate.h; sourceTree = "<group>"; };
		B78496232C5573D20002B1AB /* AppDelegate.m */ = {isa = PBXFileReference; lastKnownFileType = sourcecode.c.objc; path = AppDelegate.m; sourceTree = "<group>"; };
		B78496252C5573D20002B1AB /* SceneDelegate.h */ = {isa = PBXFileReference; lastKnownFileType = sourcecode.c.h; path = SceneDelegate.h; sourceTree = "<group>"; };
		B78496262C5573D20002B1AB /* SceneDelegate.m */ = {isa = PBXFileReference; lastKnownFileType = sourcecode.c.objc; path = SceneDelegate.m; sourceTree = "<group>"; };
		B78496282C5573D20002B1AB /* ViewController.h */ = {isa = PBXFileReference; lastKnownFileType = sourcecode.c.h; path = ViewController.h; sourceTree = "<group>"; };
		B78496292C5573D20002B1AB /* ViewController.m */ = {isa = PBXFileReference; lastKnownFileType = sourcecode.c.objc; path = ViewController.m; sourceTree = "<group>"; };
		B784962C2C5573D20002B1AB /* Base */ = {isa = PBXFileReference; lastKnownFileType = file.storyboard; name = Base; path = Base.lproj/Main.storyboard; sourceTree = "<group>"; };
		B784962E2C5573D50002B1AB /* Assets.xcassets */ = {isa = PBXFileReference; lastKnownFileType = folder.assetcatalog; path = Assets.xcassets; sourceTree = "<group>"; };
		B78496312C5573D50002B1AB /* Base */ = {isa = PBXFileReference; lastKnownFileType = file.storyboard; name = Base; path = Base.lproj/LaunchScreen.storyboard; sourceTree = "<group>"; };
		B78496332C5573D50002B1AB /* Info.plist */ = {isa = PBXFileReference; lastKnownFileType = text.plist.xml; path = Info.plist; sourceTree = "<group>"; };
		B78496342C5573D50002B1AB /* main.m */ = {isa = PBXFileReference; lastKnownFileType = sourcecode.c.objc; path = main.m; sourceTree = "<group>"; };
		C6F97AE2C5CC17B97D78F58C /* Pods-PeerReview04DistanceCalculation.release.xcconfig */ = {isa = PBXFileReference; includeInIndex = 1; lastKnownFileType = text.xcconfig; name = "Pods-PeerReview04DistanceCalculation.release.xcconfig"; path = "Target Support Files/Pods-PeerReview04DistanceCalculation/Pods-PeerReview04DistanceCalculation.release.xcconfig"; sourceTree = "<group>"; };
/* End PBXFileReference section */

/* Begin PBXFrameworksBuildPhase section */
		B784961C2C5573D20002B1AB /* Frameworks */ = {
			isa = PBXFrameworksBuildPhase;
			buildActionMask = 2147483647;
			files = (
				1EEDA874D9AFC27AB2EA80EF /* Pods_PeerReview04DistanceCalculation.framework in Frameworks */,
			);
			runOnlyForDeploymentPostprocessing = 0;
		};
/* End PBXFrameworksBuildPhase section */

/* Begin PBXGroup section */
		12AA7FC101CB0029FD9BD10A /* Frameworks */ = {
			isa = PBXGroup;
			children = (
				775EE423AE86143593D846B9 /* Pods_PeerReview04DistanceCalculation.framework */,
			);
			name = Frameworks;
			sourceTree = "<group>";
		};
		288A829CE8168F798219D36F /* Pods */ = {
			isa = PBXGroup;
			children = (
				676C8B78B73597D03F4CB9A1 /* Pods-PeerReview04DistanceCalculation.debug.xcconfig */,
				C6F97AE2C5CC17B97D78F58C /* Pods-PeerReview04DistanceCalculation.release.xcconfig */,
			);
			path = Pods;
			sourceTree = "<group>";
		};
		B78496162C5573D20002B1AB = {
			isa = PBXGroup;
			children = (
				B78496212C5573D20002B1AB /* PeerReview04DistanceCalculation */,
				B78496202C5573D20002B1AB /* Products */,
				288A829CE8168F798219D36F /* Pods */,
				12AA7FC101CB0029FD9BD10A /* Frameworks */,
			);
			sourceTree = "<group>";
		};
		B78496202C5573D20002B1AB /* Products */ = {
			isa = PBXGroup;
			children = (
				B784961F2C5573D20002B1AB /* PeerReview04DistanceCalculation.app */,
			);
			name = Products;
			sourceTree = "<group>";
		};
		B78496212C5573D20002B1AB /* PeerReview04DistanceCalculation */ = {
			isa = PBXGroup;
			children = (
				B78496222C5573D20002B1AB /* AppDelegate.h */,
				B78496232C5573D20002B1AB /* AppDelegate.m */,
				B78496252C5573D20002B1AB /* SceneDelegate.h */,
				B78496262C5573D20002B1AB /* SceneDelegate.m */,
				B78496282C5573D20002B1AB /* ViewController.h */,
				B78496292C5573D20002B1AB /* ViewController.m */,
				B784962B2C5573D20002B1AB /* Main.storyboard */,
				B784962E2C5573D50002B1AB /* Assets.xcassets */,
				B78496302C5573D50002B1AB /* LaunchScreen.storyboard */,
				B78496332C5573D50002B1AB /* Info.plist */,
				B78496342C5573D50002B1AB /* main.m */,
			);
			path = PeerReview04DistanceCalculation;
			sourceTree = "<group>";
		};
/* End PBXGroup section */

/* Begin PBXNativeTarget section */
		B784961E2C5573D20002B1AB /* PeerReview04DistanceCalculation */ = {
			isa = PBXNativeTarget;
			buildConfigurationList = B78496382C5573D50002B1AB /* Build configuration list for PBXNativeTarget "PeerReview04DistanceCalculation" */;
			buildPhases = (
				3EB006E91B63C8813F66CB31 /* [CP] Check Pods Manifest.lock */,
				B784961B2C5573D20002B1AB /* Sources */,
				B784961C2C5573D20002B1AB /* Frameworks */,
				B784961D2C5573D20002B1AB /* Resources */,
				E2E5DBF142A8AA2AA55DA0DE /* [CP] Embed Pods Frameworks */,
			);
			buildRules = (
			);
			dependencies = (
			);
			name = PeerReview04DistanceCalculation;
			productName = PeerReview04DistanceCalculation;
			productReference = B784961F2C5573D20002B1AB /* PeerReview04DistanceCalculation.app */;
			productType = "com.apple.product-type.application";
		};
/* End PBXNativeTarget section */

/* Begin PBXProject section */
		B78496172C5573D20002B1AB /* Project object */ = {
			isa = PBXProject;
			attributes = {
				BuildIndependentTargetsInParallel = 1;
				LastUpgradeCheck = 1540;
				TargetAttributes = {
					B784961E2C5573D20002B1AB = {
						CreatedOnToolsVersion = 15.4;
					};
				};
			};
			buildConfigurationList = B784961A2C5573D20002B1AB /* Build configuration list for PBXProject "PeerReview04DistanceCalculation" */;
			compatibilityVersion = "Xcode 14.0";
			developmentRegion = en;
			hasScannedForEncodings = 0;
			knownRegions = (
				en,
				Base,
			);
			mainGroup = B78496162C5573D20002B1AB;
			productRefGroup = B78496202C5573D20002B1AB /* Products */;
			projectDirPath = "";
			projectRoot = "";
			targets = (
				B784961E2C5573D20002B1AB /* PeerReview04DistanceCalculation */,
			);
		};
/* End PBXProject section */

/* Begin PBXResourcesBuildPhase section */
		B784961D2C5573D20002B1AB /* Resources */ = {
			isa = PBXResourcesBuildPhase;
			buildActionMask = 2147483647;
			files = (
				B784962F2C5573D50002B1AB /* Assets.xcassets in Resources */,
				B78496322C5573D50002B1AB /* Base in Resources */,
				B784962D2C5573D20002B1AB /* Base in Resources */,
			);
			runOnlyForDeploymentPostprocessing = 0;
		};
/* End PBXResourcesBuildPhase section */

/* Begin PBXShellScriptBuildPhase section */
		3EB006E91B63C8813F66CB31 /* [CP] Check Pods Manifest.lock */ = {
			isa = PBXShellScriptBuildPhase;
			buildActionMask = 2147483647;
			files = (
			);
			inputFileListPaths = (
			);
			inputPaths = (
				"${PODS_PODFILE_DIR_PATH}/Podfile.lock",
				"${PODS_ROOT}/Manifest.lock",
			);
			name = "[CP] Check Pods Manifest.lock";
			outputFileListPaths = (
			);
			outputPaths = (
				"$(DERIVED_FILE_DIR)/Pods-PeerReview04DistanceCalculation-checkManifestLockResult.txt",
			);
			runOnlyForDeploymentPostprocessing = 0;
			shellPath = /bin/sh;
			shellScript = "diff \"${PODS_PODFILE_DIR_PATH}/Podfile.lock\" \"${PODS_ROOT}/Manifest.lock\" > /dev/null\nif [ $? != 0 ] ; then\n    # print error to STDERR\n    echo \"error: The sandbox is not in sync with the Podfile.lock. Run 'pod install' or update your CocoaPods installation.\" >&2\n    exit 1\nfi\n# This output is used by Xcode 'outputs' to avoid re-running this script phase.\necho \"SUCCESS\" > \"${SCRIPT_OUTPUT_FILE_0}\"\n";
			showEnvVarsInLog = 0;
		};
		E2E5DBF142A8AA2AA55DA0DE /* [CP] Embed Pods Frameworks */ = {
			isa = PBXShellScriptBuildPhase;
			buildActionMask = 2147483647;
			files = (
			);
			inputFileListPaths = (
				"${PODS_ROOT}/Target Support Files/Pods-PeerReview04DistanceCalculation/Pods-PeerReview04DistanceCalculation-frameworks-${CONFIGURATION}-input-files.xcfilelist",
			);
			name = "[CP] Embed Pods Frameworks";
			outputFileListPaths = (
				"${PODS_ROOT}/Target Support Files/Pods-PeerReview04DistanceCalculation/Pods-PeerReview04DistanceCalculation-frameworks-${CONFIGURATION}-output-files.xcfilelist",
			);
			runOnlyForDeploymentPostprocessing = 0;
			shellPath = /bin/sh;
			shellScript = "\"${PODS_ROOT}/Target Support Files/Pods-PeerReview04DistanceCalculation/Pods-PeerReview04DistanceCalculation-frameworks.sh\"\n";
			showEnvVarsInLog = 0;
		};
/* End PBXShellScriptBuildPhase section */

/* Begin PBXSourcesBuildPhase section */
		B784961B2C5573D20002B1AB /* Sources */ = {
			isa = PBXSourcesBuildPhase;
			buildActionMask = 2147483647;
			files = (
				B784962A2C5573D20002B1AB /* ViewController.m in Sources */,
				B78496242C5573D20002B1AB /* AppDelegate.m in Sources */,
				B78496352C5573D50002B1AB /* main.m in Sources */,
				B78496272C5573D20002B1AB /* SceneDelegate.m in Sources */,
			);
			runOnlyForDeploymentPostprocessing = 0;
		};
/* End PBXSourcesBuildPhase section */

/* Begin PBXVariantGroup section */
		B784962B2C5573D20002B1AB /* Main.storyboard */ = {
			isa = PBXVariantGroup;
			children = (
				B784962C2C5573D20002B1AB /* Base */,
			);
			name = Main.storyboard;
			sourceTree = "<group>";
		};
		B78496302C5573D50002B1AB /* LaunchScreen.storyboard */ = {
			isa = PBXVariantGroup;
			children = (
				B78496312C5573D50002B1AB /* Base */,
			);
			name = LaunchScreen.storyboard;
			sourceTree = "<group>";
		};
/* End PBXVariantGroup section */

/* Begin XCBuildConfiguration section */
		B78496362C5573D50002B1AB /* Debug */ = {
			isa = XCBuildConfiguration;
			buildSettings = {
				ALWAYS_SEARCH_USER_PATHS = NO;
				ASSETCATALOG_COMPILER_GENERATE_SWIFT_ASSET_SYMBOL_EXTENSIONS = YES;
				CLANG_ANALYZER_NONNULL = YES;
				CLANG_ANALYZER_NUMBER_OBJECT_CONVERSION = YES_AGGRESSIVE;
				CLANG_CXX_LANGUAGE_STANDARD = "gnu++20";
				CLANG_ENABLE_MODULES = YES;
				CLANG_ENABLE_OBJC_ARC = YES;
				CLANG_ENABLE_OBJC_WEAK = YES;
				CLANG_WARN_BLOCK_CAPTURE_AUTORELEASING = YES;
				CLANG_WARN_BOOL_CONVERSION = YES;
				CLANG_WARN_COMMA = YES;
				CLANG_WARN_CONSTANT_CONVERSION = YES;
				CLANG_WARN_DEPRECATED_OBJC_IMPLEMENTATIONS = YES;
				CLANG_WARN_DIRECT_OBJC_ISA_USAGE = YES_ERROR;
				CLANG_WARN_DOCUMENTATION_COMMENTS = YES;
				CLANG_WARN_EMPTY_BODY = YES;
				CLANG_WARN_ENUM_CONVERSION = YES;
				CLANG_WARN_INFINITE_RECURSION = YES;
				CLANG_WARN_INT_CONVERSION = YES;
				CLANG_WARN_NON_LITERAL_NULL_CONVERSION = YES;
				CLANG_WARN_OBJC_IMPLICIT_RETAIN_SELF = YES;
				CLANG_WARN_OBJC_LITERAL_CONVERSION = YES;
				CLANG_WARN_OBJC_ROOT_CLASS = YES_ERROR;
				CLANG_WARN_QUOTED_INCLUDE_IN_FRAMEWORK_HEADER = YES;
				CLANG_WARN_RANGE_LOOP_ANALYSIS = YES;
				CLANG_WARN_STRICT_PROTOTYPES = YES;
				CLANG_WARN_SUSPICIOUS_MOVE = YES;
				CLANG_WARN_UNGUARDED_AVAILABILITY = YES_AGGRESSIVE;
				CLANG_WARN_UNREACHABLE_CODE = YES;
				CLANG_WARN__DUPLICATE_METHOD_MATCH = YES;
				COPY_PHASE_STRIP = NO;
				DEBUG_INFORMATION_FORMAT = dwarf;
				ENABLE_STRICT_OBJC_MSGSEND = YES;
				ENABLE_TESTABILITY = YES;
				ENABLE_USER_SCRIPT_SANDBOXING = YES;
				GCC_C_LANGUAGE_STANDARD = gnu17;
				GCC_DYNAMIC_NO_PIC = NO;
				GCC_NO_COMMON_BLOCKS = YES;
				GCC_OPTIMIZATION_LEVEL = 0;
				GCC_PREPROCESSOR_DEFINITIONS = (
					"DEBUG=1",
					"$(inherited)",
				);
				GCC_WARN_64_TO_32_BIT_CONVERSION = YES;
				GCC_WARN_ABOUT_RETURN_TYPE = YES_ERROR;
				GCC_WARN_UNDECLARED_SELECTOR = YES;
				GCC_WARN_UNINITIALIZED_AUTOS = YES_AGGRESSIVE;
				GCC_WARN_UNUSED_FUNCTION = YES;
				GCC_WARN_UNUSED_VARIABLE = YES;
				IPHONEOS_DEPLOYMENT_TARGET = 17.5;
				LOCALIZATION_PREFERS_STRING_CATALOGS = YES;
				MTL_ENABLE_DEBUG_INFO = INCLUDE_SOURCE;
				MTL_FAST_MATH = YES;
				ONLY_ACTIVE_ARCH = YES;
				SDKROOT = iphoneos;
			};
			name = Debug;
		};
		B78496372C5573D50002B1AB /* Release */ = {
			isa = XCBuildConfiguration;
			buildSettings = {
				ALWAYS_SEARCH_USER_PATHS = NO;
				ASSETCATALOG_COMPILER_GENERATE_SWIFT_ASSET_SYMBOL_EXTENSIONS = YES;
				CLANG_ANALYZER_NONNULL = YES;
				CLANG_ANALYZER_NUMBER_OBJECT_CONVERSION = YES_AGGRESSIVE;
				CLANG_CXX_LANGUAGE_STANDARD = "gnu++20";
				CLANG_ENABLE_MODULES = YES;
				CLANG_ENABLE_OBJC_ARC = YES;
				CLANG_ENABLE_OBJC_WEAK = YES;
				CLANG_WARN_BLOCK_CAPTURE_AUTORELEASING = YES;
				CLANG_WARN_BOOL_CONVERSION = YES;
				CLANG_WARN_COMMA = YES;
				CLANG_WARN_CONSTANT_CONVERSION = YES;
				CLANG_WARN_DEPRECATED_OBJC_IMPLEMENTATIONS = YES;
				CLANG_WARN_DIRECT_OBJC_ISA_USAGE = YES_ERROR;
				CLANG_WARN_DOCUMENTATION_COMMENTS = YES;
				CLANG_WARN_EMPTY_BODY = YES;
				CLANG_WARN_ENUM_CONVERSION = YES;
				CLANG_WARN_INFINITE_RECURSION = YES;
				CLANG_WARN_INT_CONVERSION = YES;
				CLANG_WARN_NON_LITERAL_NULL_CONVERSION = YES;
				CLANG_WARN_OBJC_IMPLICIT_RETAIN_SELF = YES;
				CLANG_WARN_OBJC_LITERAL_CONVERSION = YES;
				CLANG_WARN_OBJC_ROOT_CLASS = YES_ERROR;
				CLANG_WARN_QUOTED_INCLUDE_IN_FRAMEWORK_HEADER = YES;
				CLANG_WARN_RANGE_LOOP_ANALYSIS = YES;
				CLANG_WARN_STRICT_PROTOTYPES = YES;
				CLANG_WARN_SUSPICIOUS_MOVE = YES;
				CLANG_WARN_UNGUARDED_AVAILABILITY = YES_AGGRESSIVE;
				CLANG_WARN_UNREACHABLE_CODE = YES;
				CLANG_WARN__DUPLICATE_METHOD_MATCH = YES;
				COPY_PHASE_STRIP = NO;
				DEBUG_INFORMATION_FORMAT = "dwarf-with-dsym";
				ENABLE_NS_ASSERTIONS = NO;
				ENABLE_STRICT_OBJC_MSGSEND = YES;
				ENABLE_USER_SCRIPT_SANDBOXING = YES;
				GCC_C_LANGUAGE_STANDARD = gnu17;
				GCC_NO_COMMON_BLOCKS = YES;
				GCC_WARN_64_TO_32_BIT_CONVERSION = YES;
				GCC_WARN_ABOUT_RETURN_TYPE = YES_ERROR;
				GCC_WARN_UNDECLARED_SELECTOR = YES;
				GCC_WARN_UNINITIALIZED_AUTOS = YES_AGGRESSIVE;
				GCC_WARN_UNUSED_FUNCTION = YES;
				GCC_WARN_UNUSED_VARIABLE = YES;
				IPHONEOS_DEPLOYMENT_TARGET = 17.5;
				LOCALIZATION_PREFERS_STRING_CATALOGS = YES;
				MTL_ENABLE_DEBUG_INFO = NO;
				MTL_FAST_MATH = YES;
				SDKROOT = iphoneos;
				VALIDATE_PRODUCT = YES;
			};
			name = Release;
		};
		B78496392C5573D50002B1AB /* Debug */ = {
			isa = XCBuildConfiguration;
			baseConfigurationReference = 676C8B78B73597D03F4CB9A1 /* Pods-PeerReview04DistanceCalculation.debug.xcconfig */;
			buildSettings = {
				ASSETCATALOG_COMPILER_APPICON_NAME = AppIcon;
				ASSETCATALOG_COMPILER_GLOBAL_ACCENT_COLOR_NAME = AccentColor;
				CODE_SIGN_STYLE = Automatic;
				CURRENT_PROJECT_VERSION = 1;
				ENABLE_USER_SCRIPT_SANDBOXING = NO;
				GENERATE_INFOPLIST_FILE = YES;
				INFOPLIST_FILE = PeerReview04DistanceCalculation/Info.plist;
				INFOPLIST_KEY_UIApplicationSupportsIndirectInputEvents = YES;
				INFOPLIST_KEY_UILaunchStoryboardName = LaunchScreen;
				INFOPLIST_KEY_UIMainStoryboardFile = Main;
				INFOPLIST_KEY_UISupportedInterfaceOrientations_iPad = "UIInterfaceOrientationPortrait UIInterfaceOrientationPortraitUpsideDown UIInterfaceOrientationLandscapeLeft UIInterfaceOrientationLandscapeRight";
				INFOPLIST_KEY_UISupportedInterfaceOrientations_iPhone = "UIInterfaceOrientationPortrait UIInterfaceOrientationLandscapeLeft UIInterfaceOrientationLandscapeRight";
				LD_RUNPATH_SEARCH_PATHS = (
					"$(inherited)",
					"@executable_path/Frameworks",
				);
				MARKETING_VERSION = 1.0;
				PRODUCT_BUNDLE_IDENTIFIER = com.kinzaapp.PeerReview04DistanceCalculation;
				PRODUCT_NAME = "$(TARGET_NAME)";
				SWIFT_EMIT_LOC_STRINGS = YES;
				TARGETED_DEVICE_FAMILY = "1,2";
			};
			name = Debug;
		};
		B784963A2C5573D50002B1AB /* Release */ = {
			isa = XCBuildConfiguration;
			baseConfigurationReference = C6F97AE2C5CC17B97D78F58C /* Pods-PeerReview04DistanceCalculation.release.xcconfig */;
			buildSettings = {
				ASSETCATALOG_COMPILER_APPICON_NAME = AppIcon;
				ASSETCATALOG_COMPILER_GLOBAL_ACCENT_COLOR_NAME = AccentColor;
				CODE_SIGN_STYLE = Automatic;
				CURRENT_PROJECT_VERSION = 1;
				ENABLE_USER_SCRIPT_SANDBOXING = NO;
				GENERATE_INFOPLIST_FILE = YES;
				INFOPLIST_FILE = PeerReview04DistanceCalculation/Info.plist;
				INFOPLIST_KEY_UIApplicationSupportsIndirectInputEvents = YES;
				INFOPLIST_KEY_UILaunchStoryboardName = LaunchScreen;
				INFOPLIST_KEY_UIMainStoryboardFile = Main;
				INFOPLIST_KEY_UISupportedInterfaceOrientations_iPad = "UIInterfaceOrientationPortrait UIInterfaceOrientationPortraitUpsideDown UIInterfaceOrientationLandscapeLeft UIInterfaceOrientationLandscapeRight";
				INFOPLIST_KEY_UISupportedInterfaceOrientations_iPhone = "UIInterfaceOrientationPortrait UIInterfaceOrientationLandscapeLeft UIInterfaceOrientationLandscapeRight";
				LD_RUNPATH_SEARCH_PATHS = (
					"$(inherited)",
					"@executable_path/Frameworks",
				);
				MARKETING_VERSION = 1.0;
				PRODUCT_BUNDLE_IDENTIFIER = com.kinzaapp.PeerReview04DistanceCalculation;
				PRODUCT_NAME = "$(TARGET_NAME)";
				SWIFT_EMIT_LOC_STRINGS = YES;
				TARGETED_DEVICE_FAMILY = "1,2";
			};
			name = Release;
		};
/* End XCBuildConfiguration section */

/* Begin XCConfigurationList section */
		B784961A2C5573D20002B1AB /* Build configuration list for PBXProject "PeerReview04DistanceCalculation" */ = {
			isa = XCConfigurationList;
			buildConfigurations = (
				B78496362C5573D50002B1AB /* Debug */,
				B78496372C5573D50002B1AB /* Release */,
			);
			defaultConfigurationIsVisible = 0;
			defaultConfigurationName = Release;
		};
		B78496382C5573D50002B1AB /* Build configuration list for PBXNativeTarget "PeerReview04DistanceCalculation" */ = {
			isa = XCConfigurationList;
			buildConfigurations = (
				B78496392C5573D50002B1AB /* Debug */,
				B784963A2C5573D50002B1AB /* Release */,
			);
			defaultConfigurationIsVisible = 0;
			defaultConfigurationName = Release;
		};
/* End XCConfigurationList section */
	};
	rootObject = B78496172C5573D20002B1AB /* Project object */;
}
